{
  "version": 4,
  "terraform_version": "1.8.5",
  "serial": 11,
  "lineage": "490f61b9-50e0-6c09-ce1b-4d088f721098",
  "outputs": {},
  "resources": [
    {
      "mode": "data",
      "type": "local_file",
      "name": "ssh_public_key",
      "provider": "provider[\"registry.terraform.io/hashicorp/local\"]",
      "instances": [
        {
          "schema_version": 0,
          "attributes": {
            "content": "ssh-rsa AAAAB3NzaC1yc2EAAAADAQABAAABgQDcGL+Q7jTQN8U/yIO2n8NVPTfQdqa9bAYP0ju1jEwgIddVjcxOX9jTurcv1JY5oP//xaSJpA40eYdkhgcwf3hNENTMVaLlUt9xi8T68vUdZkd6K2QX5yxj3UfcfH4dGwIWipPFaTjJRf4P4KWKjKqL7rBsUwSPgvoF57zSgEHY/QQ7jlCoa4uFdL0iNT1RTWrgTn1hF3W+w+vt8di5pprzVuQiFoXcsDrLHF0HYvkRAxkB+/6XfY6hJJIvPtpfBMwScTuUrEOa7pxV3ZtWrvvS5AT/70d+fVfzDLczHbRdSTFybIJtFNLKUCGQcawRwVSYK9mYZOrF2q6zA9gFHcdFADAjN71bBKzuxWZCZnH8iny5NapklH4knE0Zdqb+i2lnLbkdXcN42xzorJh4hu1SfaW0wpwWBvSt7ka2gjEv2ilO78q6XEAwTweeUOumPocx3MACVuqo869JxpMr/SSJfNnJ6xN8wXZvonCqJll3UztexuNpJhQqZ90fR9ay1GU= tekaanu@DESKTOP-VCHR4L8\n",
            "content_base64": "c3NoLXJzYSBBQUFBQjNOemFDMXljMkVBQUFBREFRQUJBQUFCZ1FEY0dMK1E3alRRTjhVL3lJTzJuOE5WUFRmUWRxYTliQVlQMGp1MWpFd2dJZGRWamN4T1g5alR1cmN2MUpZNW9QLy94YVNKcEE0MGVZZGtoZ2N3ZjNoTkVOVE1WYUxsVXQ5eGk4VDY4dlVkWmtkNksyUVg1eXhqM1VmY2ZINGRHd0lXaXBQRmFUakpSZjRQNEtXS2pLcUw3ckJzVXdTUGd2b0Y1N3pTZ0VIWS9RUTdqbENvYTR1RmRMMGlOVDFSVFdyZ1RuMWhGM1crdyt2dDhkaTVwcHJ6VnVRaUZvWGNzRHJMSEYwSFl2a1JBeGtCKy82WGZZNmhKSkl2UHRwZkJNd1NjVHVVckVPYTdweFYzWnRXcnZ2UzVBVC83MGQrZlZmekRMY3pIYlJkU1RGeWJJSnRGTkxLVUNHUWNhd1J3VlNZSzltWVpPckYycTZ6QTlnRkhjZEZBREFqTjcxYkJLenV4V1pDWm5IOGlueTVOYXBrbEg0a25FMFpkcWIraTJsbkxia2RYY040Mnh6b3JKaDRodTFTZmFXMHdwd1dCdlN0N2thMmdqRXYyaWxPNzhxNlhFQXdUd2VlVU91bVBvY3gzTUFDVnVxbzg2OUp4cE1yL1NTSmZObko2eE44d1hadm9uQ3FKbGwzVXp0ZXh1TnBKaFFxWjkwZlI5YXkxR1U9IHRla2FhbnVAREVTS1RPUC1WQ0hSNEw4Cg==",
            "content_base64sha256": "sGk0VHXA5fuSbVp+kPZkdP42JsCW74WH+k04TFPUL+o=",
            "content_base64sha512": "x3oNjQwYtZy6Fp0++Dqyxnrq7j13mWGFNhK9rJWi6iyQlJGpZaDnN7aE235KAWRg5hOzrqn7PhfZuX98kuqP8Q==",
            "content_md5": "f68f12d8b54a9948c4ba283ffe5b08f8",
            "content_sha1": "7421b52752b3844f565d6034bcd407fd9d6d7c4f",
            "content_sha256": "b069345475c0e5fb926d5a7e90f66474fe3626c096ef8587fa4d384c53d42fea",
            "content_sha512": "c77a0d8d0c18b59cba169d3ef83ab2c67aeaee3d779961853612bdac95a2ea2c909491a965a0e737b684db7e4a016460e613b3aea9fb3e17d9b97f7c92ea8ff1",
            "filename": "./id_rsa.pub",
            "id": "7421b52752b3844f565d6034bcd407fd9d6d7c4f"
          },
          "sensitive_attributes": []
        }
      ]
    },
    {
      "mode": "managed",
      "type": "proxmox_virtual_environment_download_file",
      "name": "ubuntu_cloud_image",
      "provider": "provider[\"registry.terraform.io/bpg/proxmox\"]",
      "instances": [
        {
          "schema_version": 0,
          "attributes": {
            "checksum": null,
            "checksum_algorithm": null,
            "content_type": "iso",
            "datastore_id": "local",
            "decompression_algorithm": null,
            "file_name": "ubuntu-24.04-server-cloudimg-amd64.img",
            "id": "local:iso/ubuntu-24.04-server-cloudimg-amd64.img",
            "node_name": "proxmox",
            "overwrite": true,
            "overwrite_unmanaged": false,
            "size": 583401472,
            "upload_timeout": 600,
            "url": "https://cloud-images.ubuntu.com/releases/noble/release/ubuntu-24.04-server-cloudimg-amd64.img",
            "verify": true
          },
          "sensitive_attributes": []
        }
      ]
    },
    {
      "mode": "managed",
      "type": "proxmox_virtual_environment_vm",
      "name": "development_ubuntu_vm",
      "provider": "provider[\"registry.terraform.io/bpg/proxmox\"]",
      "instances": [
        {
          "schema_version": 0,
          "attributes": {
            "acpi": true,
            "agent": [],
            "audio_device": [],
            "bios": "seabios",
            "boot_order": null,
            "cdrom": [],
            "clone": [],
            "cpu": [
              {
                "affinity": "",
                "architecture": "x86_64",
                "cores": 2,
                "flags": null,
                "hotplugged": 0,
                "limit": 0,
                "numa": false,
                "sockets": 1,
                "type": "qemu64",
                "units": 1024
              }
            ],
            "description": "",
            "disk": [
              {
                "aio": "io_uring",
                "backup": true,
                "cache": "none",
                "datastore_id": "local-lvm",
                "discard": "on",
                "file_format": "raw",
                "file_id": "local:iso/ubuntu-24.04-server-cloudimg-amd64.img",
                "interface": "virtio0",
                "iothread": true,
                "path_in_datastore": "vm-100-disk-0",
                "replicate": true,
                "size": 20,
                "speed": [],
                "ssd": false
              }
            ],
            "efi_disk": [],
            "hook_script_file_id": null,
            "hostpci": [],
            "id": "100",
            "initialization": [
              {
                "datastore_id": "local-lvm",
                "dns": [],
                "interface": "ide2",
                "ip_config": [
                  {
                    "ipv4": [
                      {
                        "address": "192.168.0.10/24",
                        "gateway": "192.168.0.1"
                      }
                    ],
                    "ipv6": []
                  }
                ],
                "meta_data_file_id": "",
                "network_data_file_id": "",
                "type": "",
                "upgrade": false,
                "user_account": [
                  {
                    "keys": [
                      "ssh-rsa AAAAB3NzaC1yc2EAAAADAQABAAABgQDcGL+Q7jTQN8U/yIO2n8NVPTfQdqa9bAYP0ju1jEwgIddVjcxOX9jTurcv1JY5oP//xaSJpA40eYdkhgcwf3hNENTMVaLlUt9xi8T68vUdZkd6K2QX5yxj3UfcfH4dGwIWipPFaTjJRf4P4KWKjKqL7rBsUwSPgvoF57zSgEHY/QQ7jlCoa4uFdL0iNT1RTWrgTn1hF3W+w+vt8di5pprzVuQiFoXcsDrLHF0HYvkRAxkB+/6XfY6hJJIvPtpfBMwScTuUrEOa7pxV3ZtWrvvS5AT/70d+fVfzDLczHbRdSTFybIJtFNLKUCGQcawRwVSYK9mYZOrF2q6zA9gFHcdFADAjN71bBKzuxWZCZnH8iny5NapklH4knE0Zdqb+i2lnLbkdXcN42xzorJh4hu1SfaW0wpwWBvSt7ka2gjEv2ilO78q6XEAwTweeUOumPocx3MACVuqo869JxpMr/SSJfNnJ6xN8wXZvonCqJll3UztexuNpJhQqZ90fR9ay1GU= tekaanu@DESKTOP-VCHR4L8"
                    ],
                    "password": "",
                    "username": "ubuntu"
                  }
                ],
                "user_data_file_id": "",
                "vendor_data_file_id": ""
              }
            ],
            "ipv4_addresses": [],
            "ipv6_addresses": [],
            "keyboard_layout": "en-us",
            "kvm_arguments": "",
            "mac_addresses": [
              "BC:24:11:6D:B0:29"
            ],
            "machine": "",
            "memory": [
              {
                "dedicated": 16384,
                "floating": 0,
                "hugepages": "",
                "keep_hugepages": false,
                "shared": 0
              }
            ],
            "migrate": false,
            "name": "test-ubuntu",
            "network_device": [
              {
                "bridge": "vmbr0",
                "disconnected": false,
                "enabled": true,
                "firewall": false,
                "mac_address": "BC:24:11:6D:B0:29",
                "model": "virtio",
                "mtu": 0,
                "queues": 0,
                "rate_limit": 0,
                "trunks": "",
                "vlan_id": 0
              }
            ],
            "network_interface_names": [],
            "node_name": "proxmox",
            "numa": [],
            "on_boot": true,
            "operating_system": [],
            "pool_id": null,
            "protection": false,
            "reboot": false,
            "scsi_hardware": "virtio-scsi-pci",
            "serial_device": [],
            "smbios": [],
            "started": true,
            "startup": [],
            "stop_on_destroy": false,
            "tablet_device": true,
            "tags": null,
            "template": false,
            "timeout_clone": 1800,
            "timeout_create": 1800,
            "timeout_migrate": 1800,
            "timeout_move_disk": 1800,
            "timeout_reboot": 1800,
            "timeout_shutdown_vm": 1800,
            "timeout_start_vm": 1800,
            "timeout_stop_vm": 300,
            "tpm_state": [],
            "usb": [],
            "vga": [],
            "vm_id": 100
          },
          "sensitive_attributes": [
            [
              {
                "type": "get_attr",
                "value": "initialization"
              },
              {
                "type": "index",
                "value": {
                  "value": 0,
                  "type": "number"
                }
              },
              {
                "type": "get_attr",
                "value": "user_account"
              },
              {
                "type": "index",
                "value": {
                  "value": 0,
                  "type": "number"
                }
              },
              {
                "type": "get_attr",
                "value": "password"
              }
            ]
          ],
          "private": "bnVsbA==",
          "dependencies": [
            "data.local_file.ssh_public_key",
            "proxmox_virtual_environment_download_file.ubuntu_cloud_image"
          ]
        }
      ]
    }
  ],
  "check_results": null
}
